// !$*UTF8*$!
{
	archiveVersion = 1;
	classes = {
	};
	objectVersion = 46;
	objects = {

/* Begin PBXBuildFile section */
		07401FEA1B841A0100E00B12 /* main.m in Sources */ = {isa = PBXBuildFile; fileRef = 07401FE91B841A0100E00B12 /* main.m */; };
		07401FED1B841A0100E00B12 /* AppDelegate.m in Sources */ = {isa = PBXBuildFile; fileRef = 07401FEC1B841A0100E00B12 /* AppDelegate.m */; };
		07401FF01B841A0100E00B12 /* ViewController.m in Sources */ = {isa = PBXBuildFile; fileRef = 07401FEF1B841A0100E00B12 /* ViewController.m */; };
		07401FF31B841A0100E00B12 /* Main.storyboard in Resources */ = {isa = PBXBuildFile; fileRef = 07401FF11B841A0100E00B12 /* Main.storyboard */; };
		07401FF51B841A0100E00B12 /* Images.xcassets in Resources */ = {isa = PBXBuildFile; fileRef = 07401FF41B841A0100E00B12 /* Images.xcassets */; };
		07401FF81B841A0100E00B12 /* LaunchScreen.xib in Resources */ = {isa = PBXBuildFile; fileRef = 07401FF61B841A0100E00B12 /* LaunchScreen.xib */; };
/* End PBXBuildFile section */

/* Begin PBXContainerItemProxy section */
		07401FFE1B841A0100E00B12 /* PBXContainerItemProxy */ = {
			isa = PBXContainerItemProxy;
			containerPortal = 07401FDC1B841A0100E00B12 /* Project object */;
			proxyType = 1;
			remoteGlobalIDString = 07401FE31B841A0100E00B12;
			remoteInfo = FormataCPF;
		};
/* End PBXContainerItemProxy section */

/* Begin PBXFileReference section */
		07401FE41B841A0100E00B12 /* FormataCPF.app */ = {isa = PBXFileReference; explicitFileType = wrapper.application; includeInIndex = 0; name = FormataCPF.app; path = "/Users/iranocr/Desktop/Backup MAC/Documents/Spikes/FormataCPF/build/Debug-iphoneos/FormataCPF.app"; sourceTree = "<absolute>"; };
		07401FE81B841A0100E00B12 /* Info.plist */ = {isa = PBXFileReference; lastKnownFileType = text.plist.xml; path = Info.plist; sourceTree = "<group>"; };
		07401FE91B841A0100E00B12 /* main.m */ = {isa = PBXFileReference; lastKnownFileType = sourcecode.c.objc; path = main.m; sourceTree = "<group>"; };
		07401FEB1B841A0100E00B12 /* AppDelegate.h */ = {isa = PBXFileReference; lastKnownFileType = sourcecode.c.h; path = AppDelegate.h; sourceTree = "<group>"; };
		07401FEC1B841A0100E00B12 /* AppDelegate.m */ = {isa = PBXFileReference; lastKnownFileType = sourcecode.c.objc; path = AppDelegate.m; sourceTree = "<group>"; };
		07401FEE1B841A0100E00B12 /* ViewController.h */ = {isa = PBXFileReference; lastKnownFileType = sourcecode.c.h; path = ViewController.h; sourceTree = "<group>"; };
		07401FEF1B841A0100E00B12 /* ViewController.m */ = {isa = PBXFileReference; lastKnownFileType = sourcecode.c.objc; path = ViewController.m; sourceTree = "<group>"; };
		07401FF21B841A0100E00B12 /* Base */ = {isa = PBXFileReference; lastKnownFileType = file.storyboard; name = Base; path = Base.lproj/Main.storyboard; sourceTree = "<group>"; };
		07401FF41B841A0100E00B12 /* Images.xcassets */ = {isa = PBXFileReference; lastKnownFileType = folder.assetcatalog; path = Images.xcassets; sourceTree = "<group>"; };
		07401FF71B841A0100E00B12 /* Base */ = {isa = PBXFileReference; lastKnownFileType = file.xib; name = Base; path = Base.lproj/LaunchScreen.xib; sourceTree = "<group>"; };
		07401FFD1B841A0100E00B12 /* FormataCPFTests.xctest */ = {isa = PBXFileReference; explicitFileType = wrapper.cfbundle; includeInIndex = 0; name = FormataCPFTests.xctest; path = "/Users/iranocr/Desktop/Backup MAC/Documents/Spikes/FormataCPF/build/Debug-iphoneos/FormataCPFTests.xctest"; sourceTree = "<absolute>"; };
/* End PBXFileReference section */

/* Begin PBXFrameworksBuildPhase section */
		07401FE11B841A0100E00B12 /* Frameworks */ = {
			isa = PBXFrameworksBuildPhase;
			buildActionMask = 2147483647;
			files = (
			);
			runOnlyForDeploymentPostprocessing = 0;
		};
		07401FFA1B841A0100E00B12 /* Frameworks */ = {
			isa = PBXFrameworksBuildPhase;
			buildActionMask = 2147483647;
			files = (
			);
			runOnlyForDeploymentPostprocessing = 0;
		};
/* End PBXFrameworksBuildPhase section */

/* Begin PBXGroup section */
		07401FDB1B841A0100E00B12 = {
			isa = PBXGroup;
			children = (
				07401FE61B841A0100E00B12 /* FormataCPF */,
			);
			sourceTree = "<group>";
		};
		07401FE61B841A0100E00B12 /* FormataCPF */ = {
			isa = PBXGroup;
			children = (
				07401FEB1B841A0100E00B12 /* AppDelegate.h */,
				07401FEC1B841A0100E00B12 /* AppDelegate.m */,
				07401FEE1B841A0100E00B12 /* ViewController.h */,
				07401FEF1B841A0100E00B12 /* ViewController.m */,
				07401FF11B841A0100E00B12 /* Main.storyboard */,
				07401FF41B841A0100E00B12 /* Images.xcassets */,
				07401FF61B841A0100E00B12 /* LaunchScreen.xib */,
				07401FE71B841A0100E00B12 /* Supporting Files */,
			);
			path = FormataCPF;
			sourceTree = "<group>";
		};
		07401FE71B841A0100E00B12 /* Supporting Files */ = {
			isa = PBXGroup;
			children = (
				07401FE81B841A0100E00B12 /* Info.plist */,
				07401FE91B841A0100E00B12 /* main.m */,
			);
			name = "Supporting Files";
			sourceTree = "<group>";
		};
/* End PBXGroup section */

/* Begin PBXNativeTarget section */
		07401FE31B841A0100E00B12 /* FormataCPF */ = {
			isa = PBXNativeTarget;
			buildConfigurationList = 074020071B841A0100E00B12 /* Build configuration list for PBXNativeTarget "FormataCPF" */;
			buildPhases = (
				07401FE01B841A0100E00B12 /* Sources */,
				07401FE11B841A0100E00B12 /* Frameworks */,
				07401FE21B841A0100E00B12 /* Resources */,
			);
			buildRules = (
			);
			dependencies = (
			);
			name = FormataCPF;
			productName = FormataCPF;
			productReference = 07401FE41B841A0100E00B12 /* FormataCPF.app */;
			productType = "com.apple.product-type.application";
		};
		07401FFC1B841A0100E00B12 /* FormataCPFTests */ = {
			isa = PBXNativeTarget;
			buildConfigurationList = 0740200A1B841A0100E00B12 /* Build configuration list for PBXNativeTarget "FormataCPFTests" */;
			buildPhases = (
				07401FF91B841A0100E00B12 /* Sources */,
				07401FFA1B841A0100E00B12 /* Frameworks */,
				07401FFB1B841A0100E00B12 /* Resources */,
			);
			buildRules = (
			);
			dependencies = (
				07401FFF1B841A0100E00B12 /* PBXTargetDependency */,
			);
			name = FormataCPFTests;
			productName = FormataCPFTests;
			productReference = 07401FFD1B841A0100E00B12 /* FormataCPFTests.xctest */;
			productType = "com.apple.product-type.bundle.unit-test";
		};
/* End PBXNativeTarget section */

/* Begin PBXProject section */
		07401FDC1B841A0100E00B12 /* Project object */ = {
			isa = PBXProject;
			attributes = {
				LastUpgradeCheck = 0630;
				ORGANIZATIONNAME = "Carlos Irano";
				TargetAttributes = {
					07401FE31B841A0100E00B12 = {
						CreatedOnToolsVersion = 6.3.1;
					};
					07401FFC1B841A0100E00B12 = {
						CreatedOnToolsVersion = 6.3.1;
						TestTargetID = 07401FE31B841A0100E00B12;
					};
				};
			};
			buildConfigurationList = 07401FDF1B841A0100E00B12 /* Build configuration list for PBXProject "FormataCPF" */;
			compatibilityVersion = "Xcode 3.2";
			developmentRegion = English;
			hasScannedForEncodings = 0;
			knownRegions = (
				en,
				Base,
			);
			mainGroup = 07401FDB1B841A0100E00B12;
			productRefGroup = 07401FDB1B841A0100E00B12;
			projectDirPath = "";
			projectRoot = "";
			targets = (
				07401FE31B841A0100E00B12 /* FormataCPF */,
				07401FFC1B841A0100E00B12 /* FormataCPFTests */,
			);
		};
/* End PBXProject section */

/* Begin PBXResourcesBuildPhase section */
		07401FE21B841A0100E00B12 /* Resources */ = {
			isa = PBXResourcesBuildPhase;
			buildActionMask = 2147483647;
			files = (
				07401FF31B841A0100E00B12 /* Main.storyboard in Resources */,
				07401FF81B841A0100E00B12 /* LaunchScreen.xib in Resources */,
				07401FF51B841A0100E00B12 /* Images.xcassets in Resources */,
			);
			runOnlyForDeploymentPostprocessing = 0;
		};
		07401FFB1B841A0100E00B12 /* Resources */ = {
			isa = PBXResourcesBuildPhase;
			buildActionMask = 2147483647;
			files = (
			);
			runOnlyForDeploymentPostprocessing = 0;
		};
/* End PBXResourcesBuildPhase section */

/* Begin PBXSourcesBuildPhase section */
		07401FE01B841A0100E00B12 /* Sources */ = {
			isa = PBXSourcesBuildPhase;
			buildActionMask = 2147483647;
			files = (
				07401FF01B841A0100E00B12 /* ViewController.m in Sources */,
				07401FED1B841A0100E00B12 /* AppDelegate.m in Sources */,
				07401FEA1B841A0100E00B12 /* main.m in Sources */,
			);
			runOnlyForDeploymentPostprocessing = 0;
		};
		07401FF91B841A0100E00B12 /* Sources */ = {
			isa = PBXSourcesBuildPhase;
			buildActionMask = 2147483647;
			files = (
			);
			runOnlyForDeploymentPostprocessing = 0;
		};
/* End PBXSourcesBuildPhase section */

/* Begin PBXTargetDependency section */
		07401FFF1B841A0100E00B12 /* PBXTargetDependency */ = {
			isa = PBXTargetDependency;
			target = 07401FE31B841A0100E00B12 /* FormataCPF */;
			targetProxy = 07401FFE1B841A0100E00B12 /* PBXContainerItemProxy */;
		};
/* End PBXTargetDependency section */

/* Begin PBXVariantGroup section */
		07401FF11B841A0100E00B12 /* Main.storyboard */ = {
			isa = PBXVariantGroup;
			children = (
				07401FF21B841A0100E00B12 /* Base */,
			);
			name = Main.storyboard;
			sourceTree = "<group>";
		};
		07401FF61B841A0100E00B12 /* LaunchScreen.xib */ = {
			isa = PBXVariantGroup;
			children = (
				07401FF71B841A0100E00B12 /* Base */,
			);
			name = LaunchScreen.xib;
			sourceTree = "<group>";
		};
/* End PBXVariantGroup section */

/* Begin XCBuildConfiguration section */
		074020051B841A0100E00B12 /* Debug */ = {
			isa = XCBuildConfiguration;
			buildSettings = {
				ALWAYS_SEARCH_USER_PATHS = NO;
				CLANG_CXX_LANGUAGE_STANDARD = "gnu++0x";
				CLANG_CXX_LIBRARY = "libc++";
				CLANG_ENABLE_MODULES = YES;
				CLANG_ENABLE_OBJC_ARC = YES;
				CLANG_WARN_BOOL_CONVERSION = YES;
				CLANG_WARN_CONSTANT_CONVERSION = YES;
				CLANG_WARN_DIRECT_OBJC_ISA_USAGE = YES_ERROR;
				CLANG_WARN_EMPTY_BODY = YES;
				CLANG_WARN_ENUM_CONVERSION = YES;
				CLANG_WARN_INT_CONVERSION = YES;
				CLANG_WARN_OBJC_ROOT_CLASS = YES_ERROR;
				CLANG_WARN_UNREACHABLE_CODE = YES;
				CLANG_WARN__DUPLICATE_METHOD_MATCH = YES;
				"CODE_SIGN_IDENTITY[sdk=iphoneos*]" = "iPhone Developer";
				COPY_PHASE_STRIP = NO;
				DEBUG_INFORMATION_FORMAT = "dwarf-with-dsym";
				ENABLE_STRICT_OBJC_MSGSEND = YES;
				GCC_C_LANGUAGE_STANDARD = gnu99;
				GCC_DYNAMIC_NO_PIC = NO;
				GCC_NO_COMMON_BLOCKS = YES;
				GCC_OPTIMIZATION_LEVEL = 0;
				GCC_PREPROCESSOR_DEFINITIONS = (
					"DEBUG=1",
					"$(inherited)",
				);
				GCC_SYMBOLS_PRIVATE_EXTERN = NO;
				GCC_WARN_64_TO_32_BIT_CONVERSION = YES;
				GCC_WARN_ABOUT_RETURN_TYPE = YES_ERROR;
				GCC_WARN_UNDECLARED_SELECTOR = YES;
				GCC_WARN_UNINITIALIZED_AUTOS = YES_AGGRESSIVE;
				GCC_WARN_UNUSED_FUNCTION = YES;
				GCC_WARN_UNUSED_VARIABLE = YES;
				IPHONEOS_DEPLOYMENT_TARGET = 8.3;
				MTL_ENABLE_DEBUG_INFO = YES;
				ONLY_ACTIVE_ARCH = YES;
				SDKROOT = iphoneos;
			};
			name = Debug;
		};
		074020061B841A0100E00B12 /* Release */ = {
			isa = XCBuildConfiguration;
			buildSettings = {
				ALWAYS_SEARCH_USER_PATHS = NO;
				CLANG_CXX_LANGUAGE_STANDARD = "gnu++0x";
				CLANG_CXX_LIBRARY = "libc++";
				CLANG_ENABLE_MODULES = YES;
				CLANG_ENABLE_OBJC_ARC = YES;
				CLANG_WARN_BOOL_CONVERSION = YES;
				CLANG_WARN_CONSTANT_CONVERSION = YES;
				CLANG_WARN_DIRECT_OBJC_ISA_USAGE = YES_ERROR;
				CLANG_WARN_EMPTY_BODY = YES;
				CLANG_WARN_ENUM_CONVERSION = YES;
				CLANG_WARN_INT_CONVERSION = YES;
				CLANG_WARN_OBJC_ROOT_CLASS = YES_ERROR;
				CLANG_WARN_UNREACHABLE_CODE = YES;
				CLANG_WARN__DUPLICATE_METHOD_MATCH = YES;
				"CODE_SIGN_IDENTITY[sdk=iphoneos*]" = "iPhone Developer";
				COPY_PHASE_STRIP = NO;
				DEBUG_INFORMATION_FORMAT = "dwarf-with-dsym";
				ENABLE_NS_ASSERTIONS = NO;
				ENABLE_STRICT_OBJC_MSGSEND = YES;
				GCC_C_LANGUAGE_STANDARD = gnu99;
				GCC_NO_COMMON_BLOCKS = YES;
				GCC_WARN_64_TO_32_BIT_CONVERSION = YES;
				GCC_WARN_ABOUT_RETURN_TYPE = YES_ERROR;
				GCC_WARN_UNDECLARED_SELECTOR = YES;
				GCC_WARN_UNINITIALIZED_AUTOS = YES_AGGRESSIVE;
				GCC_WARN_UNUSED_FUNCTION = YES;
				GCC_WARN_UNUSED_VARIABLE = YES;
				IPHONEOS_DEPLOYMENT_TARGET = 8.3;
				MTL_ENABLE_DEBUG_INFO = NO;
				SDKROOT = iphoneos;
				VALIDATE_PRODUCT = YES;
			};
			name = Release;
		};
		074020081B841A0100E00B12 /* Debug */ = {
			isa = XCBuildConfiguration;
			buildSettings = {
				ASSETCATALOG_COMPILER_APPICON_NAME = AppIcon;
				INFOPLIST_FILE = FormataCPF/Info.plist;
				LD_RUNPATH_SEARCH_PATHS = "$(inherited) @executable_path/Frameworks";
				PRODUCT_NAME = "$(TARGET_NAME)";
			};
			name = Debug;
		};
		074020091B841A0100E00B12 /* Release */ = {
			isa = XCBuildConfiguration;
			buildSettings = {
				ASSETCATALOG_COMPILER_APPICON_NAME = AppIcon;
				INFOPLIST_FILE = FormataCPF/Info.plist;
				LD_RUNPATH_SEARCH_PATHS = "$(inherited) @executable_path/Frameworks";
				PRODUCT_NAME = "$(TARGET_NAME)";
			};
			name = Release;
		};
		0740200B1B841A0100E00B12 /* Debug */ = {
			isa = XCBuildConfiguration;
			buildSettings = {
				BUNDLE_LOADER = "$(TEST_HOST)";
				FRAMEWORK_SEARCH_PATHS = (
					"$(SDKROOT)/Developer/Library/Frameworks",
					"$(inherited)",
				);
				GCC_PREPROCESSOR_DEFINITIONS = (
					"DEBUG=1",
					"$(inherited)",
				);
				INFOPLIST_FILE = FormataCPFTests/Info.plist;
				LD_RUNPATH_SEARCH_PATHS = "$(inherited) @executable_path/Frameworks @loader_path/Frameworks";
				PRODUCT_NAME = "$(TARGET_NAME)";
				TEST_HOST = "$(BUILT_PRODUCTS_DIR)/FormataCPF.app/FormataCPF";
			};
			name = Debug;
		};
		0740200C1B841A0100E00B12 /* Release */ = {
			isa = XCBuildConfiguration;
			buildSettings = {
				BUNDLE_LOADER = "$(TEST_HOST)";
				FRAMEWORK_SEARCH_PATHS = (
					"$(SDKROOT)/Developer/Library/Frameworks",
					"$(inherited)",
				);
				INFOPLIST_FILE = FormataCPFTests/Info.plist;
				LD_RUNPATH_SEARCH_PATHS = "$(inherited) @executable_path/Frameworks @loader_path/Frameworks";
				PRODUCT_NAME = "$(TARGET_NAME)";
				TEST_HOST = "$(BUILT_PRODUCTS_DIR)/FormataCPF.app/FormataCPF";
			};
			name = Release;
		};
/* End XCBuildConfiguration section */

/* Begin XCConfigurationList section */
		07401FDF1B841A0100E00B12 /* Build configuration list for PBXProject "FormataCPF" */ = {
			isa = XCConfigurationList;
			buildConfigurations = (
				074020051B841A0100E00B12 /* Debug */,
				074020061B841A0100E00B12 /* Release */,
			);
			defaultConfigurationIsVisible = 0;
			defaultConfigurationName = Release;
		};
		074020071B841A0100E00B12 /* Build configuration list for PBXNativeTarget "FormataCPF" */ = {
			isa = XCConfigurationList;
			buildConfigurations = (
				074020081B841A0100E00B12 /* Debug */,
				074020091B841A0100E00B12 /* Release */,
			);
			defaultConfigurationIsVisible = 0;
			defaultConfigurationName = Release;
		};
		0740200A1B841A0100E00B12 /* Build configuration list for PBXNativeTarget "FormataCPFTests" */ = {
			isa = XCConfigurationList;
			buildConfigurations = (
				0740200B1B841A0100E00B12 /* Debug */,
				0740200C1B841A0100E00B12 /* Release */,
			);
			defaultConfigurationIsVisible = 0;
			defaultConfigurationName = Release;
		};
/* End XCConfigurationList section */
	};
	rootObject = 07401FDC1B841A0100E00B12 /* Project object */;
}
